
Microsoft Visual Studio Solution File, Format Version 12.00
# Visual Studio 14
VisualStudioVersion = 14.0.25420.1
MinimumVisualStudioVersion = 10.0.40219.1
Project("{FAE04EC0-301F-11D3-BF4B-00C04F79EFBC}") = "SpecialGrid", "SpecialGrid\SpecialGrid.csproj", "{62935074-E09F-4E58-B54E-492DA4EA38AE}"
EndProject
Project("{FAE04EC0-301F-11D3-BF4B-00C04F79EFBC}") = "SpecialGrid.Core", "SpecialGrid.Core\SpecialGrid.Core.csproj", "{90CDFE5B-C6E4-41D9-BDAE-D40D2084707A}"
EndProject
Project("{FAE04EC0-301F-11D3-BF4B-00C04F79EFBC}") = "SpecialGrid.CoreTests", "SpecialGrid.CoreTests\SpecialGrid.CoreTests.csproj", "{3EA2A933-6A93-412E-B201-BA9875B4ADCF}"
EndProject
Global
	GlobalSection(SolutionConfigurationPlatforms) = preSolution
		Debug|Any CPU = Debug|Any CPU
		Release|Any CPU = Release|Any CPU
	EndGlobalSection
	GlobalSection(ProjectConfigurationPlatforms) = postSolution
		{62935074-E09F-4E58-B54E-492DA4EA38AE}.Debug|Any CPU.ActiveCfg = Debug|Any CPU
		{62935074-E09F-4E58-B54E-492DA4EA38AE}.Debug|Any CPU.Build.0 = Debug|Any CPU
		{62935074-E09F-4E58-B54E-492DA4EA38AE}.Release|Any CPU.ActiveCfg = Release|Any CPU
		{62935074-E09F-4E58-B54E-492DA4EA38AE}.Release|Any CPU.Build.0 = Release|Any CPU
		{90CDFE5B-C6E4-41D9-BDAE-D40D2084707A}.Debug|Any CPU.ActiveCfg = Debug|Any CPU
		{90CDFE5B-C6E4-41D9-BDAE-D40D2084707A}.Debug|Any CPU.Build.0 = Debug|Any CPU
		{90CDFE5B-C6E4-41D9-BDAE-D40D2084707A}.Release|Any CPU.ActiveCfg = Release|Any CPU
		{90CDFE5B-C6E4-41D9-BDAE-D40D2084707A}.Release|Any CPU.Build.0 = Release|Any CPU
		{3EA2A933-6A93-412E-B201-BA9875B4ADCF}.Debug|Any CPU.ActiveCfg = Debug|Any CPU
		{3EA2A933-6A93-412E-B201-BA9875B4ADCF}.Debug|Any CPU.Build.0 = Debug|Any CPU
		{3EA2A933-6A93-412E-B201-BA9875B4ADCF}.Release|Any CPU.ActiveCfg = Release|Any CPU
		{3EA2A933-6A93-412E-B201-BA9875B4ADCF}.Release|Any CPU.Build.0 = Release|Any CPU
	EndGlobalSection
	GlobalSection(SolutionProperties) = preSolution
		HideSolutionNode = FALSE
	EndGlobalSection
EndGlobal
